// !$*UTF8*$!
{
	archiveVersion = 1;
	classes = {
	};
	objectVersion = 45;
	objects = {

/* Begin PBXBuildFile section */
		8D15AC320486D014006FF6A4 /* main.m in Sources */ = {isa = PBXBuildFile; fileRef = 2A37F4B0FDCFA73011CA2CEA /* main.m */; settings = {ATTRIBUTES = (); }; };
		8D15AC340486D014006FF6A4 /* Cocoa.framework in Frameworks */ = {isa = PBXBuildFile; fileRef = 1058C7A7FEA54F5311CA2CBB /* Cocoa.framework */; };
		94028B7F0E67C308001CD6B0 /* AppDelegate.m in Sources */ = {isa = PBXBuildFile; fileRef = 94028B7D0E67C308001CD6B0 /* AppDelegate.m */; };
		94028B820E67C314001CD6B0 /* DesignView.m in Sources */ = {isa = PBXBuildFile; fileRef = 94028B800E67C314001CD6B0 /* DesignView.m */; };
		94028B850E67C323001CD6B0 /* InspectorPanelController.m in Sources */ = {isa = PBXBuildFile; fileRef = 94028B830E67C323001CD6B0 /* InspectorPanelController.m */; };
		94028B880E67C32F001CD6B0 /* MyDocument.m in Sources */ = {isa = PBXBuildFile; fileRef = 94028B870E67C32F001CD6B0 /* MyDocument.m */; };
		94028B8B0E67C33E001CD6B0 /* StitchBlock.m in Sources */ = {isa = PBXBuildFile; fileRef = 94028B8A0E67C33E001CD6B0 /* StitchBlock.m */; };
		94028B930E67C3D9001CD6B0 /* InspectorPanel.xib in Resources */ = {isa = PBXBuildFile; fileRef = 94028B910E67C3D9001CD6B0 /* InspectorPanel.xib */; };
		94028B960E67C3E5001CD6B0 /* MainMenu.xib in Resources */ = {isa = PBXBuildFile; fileRef = 94028B940E67C3E5001CD6B0 /* MainMenu.xib */; };
		94028B990E67C3F0001CD6B0 /* MyDocument.xib in Resources */ = {isa = PBXBuildFile; fileRef = 94028B970E67C3F0001CD6B0 /* MyDocument.xib */; };
		94028CC20E6BB060001CD6B0 /* Credits.rtf in Resources */ = {isa = PBXBuildFile; fileRef = 94028CC00E6BB060001CD6B0 /* Credits.rtf */; };
/* End PBXBuildFile section */

/* Begin PBXFileReference section */
		1058C7A7FEA54F5311CA2CBB /* Cocoa.framework */ = {isa = PBXFileReference; lastKnownFileType = wrapper.framework; name = Cocoa.framework; path = /System/Library/Frameworks/Cocoa.framework; sourceTree = "<absolute>"; };
		13E42FBA07B3F13500E4EEF1 /* CoreData.framework */ = {isa = PBXFileReference; lastKnownFileType = wrapper.framework; name = CoreData.framework; path = /System/Library/Frameworks/CoreData.framework; sourceTree = "<absolute>"; };
		2A37F4B0FDCFA73011CA2CEA /* main.m */ = {isa = PBXFileReference; fileEncoding = 4; lastKnownFileType = sourcecode.c.objc; path = main.m; sourceTree = "<group>"; };
		2A37F4C4FDCFA73011CA2CEA /* AppKit.framework */ = {isa = PBXFileReference; lastKnownFileType = wrapper.framework; name = AppKit.framework; path = /System/Library/Frameworks/AppKit.framework; sourceTree = "<absolute>"; };
		2A37F4C5FDCFA73011CA2CEA /* Foundation.framework */ = {isa = PBXFileReference; lastKnownFileType = wrapper.framework; name = Foundation.framework; path = /System/Library/Frameworks/Foundation.framework; sourceTree = "<absolute>"; };
		32DBCF750370BD2300C91783 /* Needle Works_Prefix.pch */ = {isa = PBXFileReference; fileEncoding = 4; lastKnownFileType = sourcecode.c.h; path = "Needle Works_Prefix.pch"; sourceTree = "<group>"; };
		8D15AC370486D014006FF6A4 /* Needle Works.app */ = {isa = PBXFileReference; explicitFileType = wrapper.application; includeInIndex = 0; path = "Needle Works.app"; sourceTree = BUILT_PRODUCTS_DIR; };
		94028B7D0E67C308001CD6B0 /* AppDelegate.m */ = {isa = PBXFileReference; fileEncoding = 4; lastKnownFileType = sourcecode.c.objc; path = AppDelegate.m; sourceTree = "<group>"; };
		94028B7E0E67C308001CD6B0 /* AppDelegate.h */ = {isa = PBXFileReference; fileEncoding = 4; lastKnownFileType = sourcecode.c.h; path = AppDelegate.h; sourceTree = "<group>"; };
		94028B800E67C314001CD6B0 /* DesignView.m */ = {isa = PBXFileReference; fileEncoding = 4; lastKnownFileType = sourcecode.c.objc; path = DesignView.m; sourceTree = "<group>"; };
		94028B810E67C314001CD6B0 /* DesignView.h */ = {isa = PBXFileReference; fileEncoding = 4; lastKnownFileType = sourcecode.c.h; path = DesignView.h; sourceTree = "<group>"; };
		94028B830E67C323001CD6B0 /* InspectorPanelController.m */ = {isa = PBXFileReference; fileEncoding = 4; lastKnownFileType = sourcecode.c.objc; path = InspectorPanelController.m; sourceTree = "<group>"; };
		94028B840E67C323001CD6B0 /* InspectorPanelController.h */ = {isa = PBXFileReference; fileEncoding = 4; lastKnownFileType = sourcecode.c.h; path = InspectorPanelController.h; sourceTree = "<group>"; };
		94028B860E67C32F001CD6B0 /* MyDocument.h */ = {isa = PBXFileReference; fileEncoding = 4; lastKnownFileType = sourcecode.c.h; path = MyDocument.h; sourceTree = "<group>"; };
		94028B870E67C32F001CD6B0 /* MyDocument.m */ = {isa = PBXFileReference; fileEncoding = 4; lastKnownFileType = sourcecode.c.objc; path = MyDocument.m; sourceTree = "<group>"; };
		94028B890E67C33E001CD6B0 /* StitchBlock.h */ = {isa = PBXFileReference; fileEncoding = 4; lastKnownFileType = sourcecode.c.h; path = StitchBlock.h; sourceTree = "<group>"; };
		94028B8A0E67C33E001CD6B0 /* StitchBlock.m */ = {isa = PBXFileReference; fileEncoding = 4; lastKnownFileType = sourcecode.c.objc; path = StitchBlock.m; sourceTree = "<group>"; };
		94028B920E67C3D9001CD6B0 /* English */ = {isa = PBXFileReference; lastKnownFileType = file.xib; name = English; path = English.lproj/InspectorPanel.xib; sourceTree = "<group>"; };
		94028B950E67C3E5001CD6B0 /* English */ = {isa = PBXFileReference; lastKnownFileType = file.xib; name = English; path = English.lproj/MainMenu.xib; sourceTree = "<group>"; };
		94028B980E67C3F0001CD6B0 /* English */ = {isa = PBXFileReference; lastKnownFileType = file.xib; name = English; path = English.lproj/MyDocument.xib; sourceTree = "<group>"; };
		94028CC10E6BB060001CD6B0 /* English */ = {isa = PBXFileReference; lastKnownFileType = text.rtf; name = English; path = English.lproj/Credits.rtf; sourceTree = "<group>"; };
		94028CDD0E6BB13B001CD6B0 /* Info.plist */ = {isa = PBXFileReference; fileEncoding = 4; lastKnownFileType = text.plist.xml; path = Info.plist; sourceTree = "<group>"; };
/* End PBXFileReference section */

/* Begin PBXFrameworksBuildPhase section */
		8D15AC330486D014006FF6A4 /* Frameworks */ = {
			isa = PBXFrameworksBuildPhase;
			buildActionMask = 2147483647;
			files = (
				8D15AC340486D014006FF6A4 /* Cocoa.framework in Frameworks */,
			);
			runOnlyForDeploymentPostprocessing = 0;
		};
/* End PBXFrameworksBuildPhase section */

/* Begin PBXGroup section */
		1058C7A6FEA54F5311CA2CBB /* Linked Frameworks */ = {
			isa = PBXGroup;
			children = (
				1058C7A7FEA54F5311CA2CBB /* Cocoa.framework */,
			);
			name = "Linked Frameworks";
			sourceTree = "<group>";
		};
		1058C7A8FEA54F5311CA2CBB /* Other Frameworks */ = {
			isa = PBXGroup;
			children = (
				2A37F4C4FDCFA73011CA2CEA /* AppKit.framework */,
				13E42FBA07B3F13500E4EEF1 /* CoreData.framework */,
				2A37F4C5FDCFA73011CA2CEA /* Foundation.framework */,
			);
			name = "Other Frameworks";
			sourceTree = "<group>";
		};
		19C28FB0FE9D524F11CA2CBB /* Products */ = {
			isa = PBXGroup;
			children = (
				8D15AC370486D014006FF6A4 /* Needle Works.app */,
			);
			name = Products;
			sourceTree = "<group>";
		};
		2A37F4AAFDCFA73011CA2CEA /* Needle Works */ = {
			isa = PBXGroup;
			children = (
				2A37F4ABFDCFA73011CA2CEA /* Classes */,
				2A37F4AFFDCFA73011CA2CEA /* Other Sources */,
				2A37F4B8FDCFA73011CA2CEA /* Resources */,
				2A37F4C3FDCFA73011CA2CEA /* Frameworks */,
				19C28FB0FE9D524F11CA2CBB /* Products */,
			);
			name = "Needle Works";
			sourceTree = "<group>";
		};
		2A37F4ABFDCFA73011CA2CEA /* Classes */ = {
			isa = PBXGroup;
			children = (
				94028B7D0E67C308001CD6B0 /* AppDelegate.m */,
				94028B7E0E67C308001CD6B0 /* AppDelegate.h */,
				94028B800E67C314001CD6B0 /* DesignView.m */,
				94028B810E67C314001CD6B0 /* DesignView.h */,
				94028B830E67C323001CD6B0 /* InspectorPanelController.m */,
				94028B840E67C323001CD6B0 /* InspectorPanelController.h */,
				94028B860E67C32F001CD6B0 /* MyDocument.h */,
				94028B870E67C32F001CD6B0 /* MyDocument.m */,
				94028B890E67C33E001CD6B0 /* StitchBlock.h */,
				94028B8A0E67C33E001CD6B0 /* StitchBlock.m */,
			);
			name = Classes;
			sourceTree = "<group>";
		};
		2A37F4AFFDCFA73011CA2CEA /* Other Sources */ = {
			isa = PBXGroup;
			children = (
				32DBCF750370BD2300C91783 /* Needle Works_Prefix.pch */,
				2A37F4B0FDCFA73011CA2CEA /* main.m */,
			);
			name = "Other Sources";
			sourceTree = "<group>";
		};
		2A37F4B8FDCFA73011CA2CEA /* Resources */ = {
			isa = PBXGroup;
			children = (
				94028CC00E6BB060001CD6B0 /* Credits.rtf */,
				94028CDD0E6BB13B001CD6B0 /* Info.plist */,
				94028B970E67C3F0001CD6B0 /* MyDocument.xib */,
				94028B940E67C3E5001CD6B0 /* MainMenu.xib */,
				94028B910E67C3D9001CD6B0 /* InspectorPanel.xib */,
			);
			name = Resources;
			sourceTree = "<group>";
		};
		2A37F4C3FDCFA73011CA2CEA /* Frameworks */ = {
			isa = PBXGroup;
			children = (
				1058C7A6FEA54F5311CA2CBB /* Linked Frameworks */,
				1058C7A8FEA54F5311CA2CBB /* Other Frameworks */,
			);
			name = Frameworks;
			sourceTree = "<group>";
		};
/* End PBXGroup section */

/* Begin PBXNativeTarget section */
		8D15AC270486D014006FF6A4 /* Needle Works */ = {
			isa = PBXNativeTarget;
			buildConfigurationList = C05733C708A9546B00998B17 /* Build configuration list for PBXNativeTarget "Needle Works" */;
			buildPhases = (
				8D15AC2B0486D014006FF6A4 /* Resources */,
				8D15AC300486D014006FF6A4 /* Sources */,
				8D15AC330486D014006FF6A4 /* Frameworks */,
			);
			buildRules = (
			);
			dependencies = (
			);
			name = "Needle Works";
			productInstallPath = "$(HOME)/Applications";
			productName = "Needle Works";
			productReference = 8D15AC370486D014006FF6A4 /* Needle Works.app */;
			productType = "com.apple.product-type.application";
		};
/* End PBXNativeTarget section */

/* Begin PBXProject section */
		2A37F4A9FDCFA73011CA2CEA /* Project object */ = {
			isa = PBXProject;
			buildConfigurationList = C05733CB08A9546B00998B17 /* Build configuration list for PBXProject "Needle Works" */;
			compatibilityVersion = "Xcode 3.1";
			hasScannedForEncodings = 1;
			mainGroup = 2A37F4AAFDCFA73011CA2CEA /* Needle Works */;
			projectDirPath = "";
			projectRoot = "";
			targets = (
				8D15AC270486D014006FF6A4 /* Needle Works */,
			);
		};
/* End PBXProject section */

/* Begin PBXResourcesBuildPhase section */
		8D15AC2B0486D014006FF6A4 /* Resources */ = {
			isa = PBXResourcesBuildPhase;
			buildActionMask = 2147483647;
			files = (
				94028B930E67C3D9001CD6B0 /* InspectorPanel.xib in Resources */,
				94028B960E67C3E5001CD6B0 /* MainMenu.xib in Resources */,
				94028B990E67C3F0001CD6B0 /* MyDocument.xib in Resources */,
				94028CC20E6BB060001CD6B0 /* Credits.rtf in Resources */,
			);
			runOnlyForDeploymentPostprocessing = 0;
		};
/* End PBXResourcesBuildPhase section */

/* Begin PBXSourcesBuildPhase section */
		8D15AC300486D014006FF6A4 /* Sources */ = {
			isa = PBXSourcesBuildPhase;
			buildActionMask = 2147483647;
			files = (
				8D15AC320486D014006FF6A4 /* main.m in Sources */,
				94028B7F0E67C308001CD6B0 /* AppDelegate.m in Sources */,
				94028B820E67C314001CD6B0 /* DesignView.m in Sources */,
				94028B850E67C323001CD6B0 /* InspectorPanelController.m in Sources */,
				94028B880E67C32F001CD6B0 /* MyDocument.m in Sources */,
				94028B8B0E67C33E001CD6B0 /* StitchBlock.m in Sources */,
			);
			runOnlyForDeploymentPostprocessing = 0;
		};
/* End PBXSourcesBuildPhase section */

/* Begin PBXVariantGroup section */
		94028B910E67C3D9001CD6B0 /* InspectorPanel.xib */ = {
			isa = PBXVariantGroup;
			children = (
				94028B920E67C3D9001CD6B0 /* English */,
			);
			name = InspectorPanel.xib;
			sourceTree = "<group>";
		};
		94028B940E67C3E5001CD6B0 /* MainMenu.xib */ = {
			isa = PBXVariantGroup;
			children = (
				94028B950E67C3E5001CD6B0 /* English */,
			);
			name = MainMenu.xib;
			sourceTree = "<group>";
		};
		94028B970E67C3F0001CD6B0 /* MyDocument.xib */ = {
			isa = PBXVariantGroup;
			children = (
				94028B980E67C3F0001CD6B0 /* English */,
			);
			name = MyDocument.xib;
			sourceTree = "<group>";
		};
		94028CC00E6BB060001CD6B0 /* Credits.rtf */ = {
			isa = PBXVariantGroup;
			children = (
				94028CC10E6BB060001CD6B0 /* English */,
			);
			name = Credits.rtf;
			sourceTree = "<group>";
		};
/* End PBXVariantGroup section */

/* Begin XCBuildConfiguration section */
		C05733C808A9546B00998B17 /* Debug */ = {
			isa = XCBuildConfiguration;
			buildSettings = {
				ALWAYS_SEARCH_USER_PATHS = NO;
				COPY_PHASE_STRIP = NO;
				GCC_DYNAMIC_NO_PIC = NO;
				GCC_ENABLE_FIX_AND_CONTINUE = YES;
				GCC_MODEL_TUNING = G5;
				GCC_OPTIMIZATION_LEVEL = 0;
				GCC_PRECOMPILE_PREFIX_HEADER = YES;
				GCC_PREFIX_HEADER = "Needle Works_Prefix.pch";
				INFOPLIST_FILE = Info.plist;
				INSTALL_PATH = "$(HOME)/Applications";
				PRODUCT_NAME = "Needle Works";
			};
			name = Debug;
		};
		C05733C908A9546B00998B17 /* Release */ = {
			isa = XCBuildConfiguration;
			buildSettings = {
				ALWAYS_SEARCH_USER_PATHS = NO;
				DEBUG_INFORMATION_FORMAT = "dwarf-with-dsym";
				GCC_MODEL_TUNING = G5;
				GCC_PRECOMPILE_PREFIX_HEADER = YES;
				GCC_PREFIX_HEADER = "Needle Works_Prefix.pch";
				INFOPLIST_FILE = Info.plist;
				INSTALL_PATH = "$(HOME)/Applications";
				PRODUCT_NAME = "Needle Works";
			};
			name = Release;
		};
		C05733CC08A9546B00998B17 /* Debug */ = {
			isa = XCBuildConfiguration;
			buildSettings = {
				ARCHS = "$(ARCHS_STANDARD_32_BIT)";
				GCC_C_LANGUAGE_STANDARD = c99;
				GCC_OPTIMIZATION_LEVEL = 0;
				GCC_WARN_ABOUT_RETURN_TYPE = YES;
				GCC_WARN_UNUSED_VARIABLE = YES;
				ONLY_ACTIVE_ARCH = YES;
				PREBINDING = NO;
				SDKROOT = macosx10.5;
			};
			name = Debug;
		};
		C05733CD08A9546B00998B17 /* Release */ = {
			isa = XCBuildConfiguration;
			buildSettings = {
				ARCHS = "$(ARCHS_STANDARD_32_BIT)";
				GCC_C_LANGUAGE_STANDARD = c99;
				GCC_WARN_ABOUT_RETURN_TYPE = YES;
				GCC_WARN_UNUSED_VARIABLE = YES;
				PREBINDING = NO;
				SDKROOT = macosx10.5;
			};
			name = Release;
		};
/* End XCBuildConfiguration section */

/* Begin XCConfigurationList section */
		C05733C708A9546B00998B17 /* Build configuration list for PBXNativeTarget "Needle Works" */ = {
			isa = XCConfigurationList;
			buildConfigurations = (
				C05733C808A9546B00998B17 /* Debug */,
				C05733C908A9546B00998B17 /* Release */,
			);
			defaultConfigurationIsVisible = 0;
			defaultConfigurationName = Release;
		};
		C05733CB08A9546B00998B17 /* Build configuration list for PBXProject "Needle Works" */ = {
			isa = XCConfigurationList;
			buildConfigurations = (
				C05733CC08A9546B00998B17 /* Debug */,
				C05733CD08A9546B00998B17 /* Release */,
			);
			defaultConfigurationIsVisible = 0;
			defaultConfigurationName = Release;
		};
/* End XCConfigurationList section */
	};
	rootObject = 2A37F4A9FDCFA73011CA2CEA /* Project object */;
}
